
Microsoft Visual Studio Solution File, Format Version 12.00
# Visual Studio Version 17
VisualStudioVersion = 17.14.36414.22 d17.14
MinimumVisualStudioVersion = 10.0.40219.1
Project("{888888A0-9F3D-457C-B088-3A5042F75D52}") = "M7_Search_Tees_Project", "M7_Search_Tees_Project.pyproj", "{78B0FC7C-8620-4CC7-B4A8-5E3B5478F4A7}"
EndProject
Global
	GlobalSection(SolutionConfigurationPlatforms) = preSolution
		Debug|Any CPU = Debug|Any CPU
		Release|Any CPU = Release|Any CPU
	EndGlobalSection
	GlobalSection(ProjectConfigurationPlatforms) = postSolution
		{78B0FC7C-8620-4CC7-B4A8-5E3B5478F4A7}.Debug|Any CPU.ActiveCfg = Debug|Any CPU
		{78B0FC7C-8620-4CC7-B4A8-5E3B5478F4A7}.Release|Any CPU.ActiveCfg = Release|Any CPU
	EndGlobalSection
	GlobalSection(SolutionProperties) = preSolution
		HideSolutionNode = FALSE
	EndGlobalSection
	GlobalSection(ExtensibilityGlobals) = postSolution
		SolutionGuid = {E493C887-9AEB-4691-AC3F-04624E453A50}
	EndGlobalSection
EndGlobal
